
Microsoft Visual Studio Solution File, Format Version 12.00
# Visual Studio Version 17
VisualStudioVersion = 17.5.002.0
MinimumVisualStudioVersion = 10.0.40219.1
Project("{9A19103F-16F7-4668-BE54-9A1E7A4F7556}") = "SandwichShop.WebApi", "SandwichShop.WebApi\SandwichShop.WebApi.csproj", "{A179B640-7EA8-46B4-9B12-1D409F2298A5}"
EndProject
Global
	GlobalSection(SolutionConfigurationPlatforms) = preSolution
		Debug|Any CPU = Debug|Any CPU
		Release|Any CPU = Release|Any CPU
	EndGlobalSection
	GlobalSection(ProjectConfigurationPlatforms) = postSolution
		{A179B640-7EA8-46B4-9B12-1D409F2298A5}.Debug|Any CPU.ActiveCfg = Debug|Any CPU
		{A179B640-7EA8-46B4-9B12-1D409F2298A5}.Debug|Any CPU.Build.0 = Debug|Any CPU
		{A179B640-7EA8-46B4-9B12-1D409F2298A5}.Release|Any CPU.ActiveCfg = Release|Any CPU
		{A179B640-7EA8-46B4-9B12-1D409F2298A5}.Release|Any CPU.Build.0 = Release|Any CPU
	EndGlobalSection
	GlobalSection(SolutionProperties) = preSolution
		HideSolutionNode = FALSE
	EndGlobalSection
	GlobalSection(ExtensibilityGlobals) = postSolution
		SolutionGuid = {2FF980F0-BF7A-4D2C-BEF2-63FF3A9717B5}
	EndGlobalSection
EndGlobal
